
Microsoft Visual Studio Solution File, Format Version 12.00
# Visual Studio Version 16
VisualStudioVersion = 16.0.32002.261
MinimumVisualStudioVersion = 10.0.40219.1
Project("{9A19103F-16F7-4668-BE54-9A1E7A4F7556}") = "Models", "Models\Models.csproj", "{54661A78-9527-4FD1-B249-54957B11718F}"
EndProject
Project("{9A19103F-16F7-4668-BE54-9A1E7A4F7556}") = "WPFClient", "WPFClient\WPFClient.csproj", "{B9C01128-D9D5-4D27-9388-B72DE9A9A777}"
EndProject
Project("{FAE04EC0-301F-11D3-BF4B-00C04F79EFBC}") = "WCF", "WCF\WCF.csproj", "{DE01A256-4957-409C-943D-ACF2FDBB6EAA}"
EndProject
Project("{FAE04EC0-301F-11D3-BF4B-00C04F79EFBC}") = "DTO", "DTO1\DTO.csproj", "{51BAA60F-3FA9-4637-98F7-7AC50247C9FB}"
EndProject
Project("{FAE04EC0-301F-11D3-BF4B-00C04F79EFBC}") = "Persistance", "Persistance1\Persistance.csproj", "{8F10C810-4535-48CE-8CF1-E2463CC7DDD7}"
EndProject
Global
	GlobalSection(SolutionConfigurationPlatforms) = preSolution
		Debug|Any CPU = Debug|Any CPU
		Release|Any CPU = Release|Any CPU
	EndGlobalSection
	GlobalSection(ProjectConfigurationPlatforms) = postSolution
		{54661A78-9527-4FD1-B249-54957B11718F}.Debug|Any CPU.ActiveCfg = Debug|Any CPU
		{54661A78-9527-4FD1-B249-54957B11718F}.Debug|Any CPU.Build.0 = Debug|Any CPU
		{54661A78-9527-4FD1-B249-54957B11718F}.Release|Any CPU.ActiveCfg = Release|Any CPU
		{54661A78-9527-4FD1-B249-54957B11718F}.Release|Any CPU.Build.0 = Release|Any CPU
		{B9C01128-D9D5-4D27-9388-B72DE9A9A777}.Debug|Any CPU.ActiveCfg = Debug|Any CPU
		{B9C01128-D9D5-4D27-9388-B72DE9A9A777}.Debug|Any CPU.Build.0 = Debug|Any CPU
		{B9C01128-D9D5-4D27-9388-B72DE9A9A777}.Release|Any CPU.ActiveCfg = Release|Any CPU
		{B9C01128-D9D5-4D27-9388-B72DE9A9A777}.Release|Any CPU.Build.0 = Release|Any CPU
		{DE01A256-4957-409C-943D-ACF2FDBB6EAA}.Debug|Any CPU.ActiveCfg = Debug|Any CPU
		{DE01A256-4957-409C-943D-ACF2FDBB6EAA}.Debug|Any CPU.Build.0 = Debug|Any CPU
		{DE01A256-4957-409C-943D-ACF2FDBB6EAA}.Release|Any CPU.ActiveCfg = Release|Any CPU
		{DE01A256-4957-409C-943D-ACF2FDBB6EAA}.Release|Any CPU.Build.0 = Release|Any CPU
		{51BAA60F-3FA9-4637-98F7-7AC50247C9FB}.Debug|Any CPU.ActiveCfg = Debug|Any CPU
		{51BAA60F-3FA9-4637-98F7-7AC50247C9FB}.Debug|Any CPU.Build.0 = Debug|Any CPU
		{51BAA60F-3FA9-4637-98F7-7AC50247C9FB}.Release|Any CPU.ActiveCfg = Release|Any CPU
		{51BAA60F-3FA9-4637-98F7-7AC50247C9FB}.Release|Any CPU.Build.0 = Release|Any CPU
		{8F10C810-4535-48CE-8CF1-E2463CC7DDD7}.Debug|Any CPU.ActiveCfg = Debug|Any CPU
		{8F10C810-4535-48CE-8CF1-E2463CC7DDD7}.Debug|Any CPU.Build.0 = Debug|Any CPU
		{8F10C810-4535-48CE-8CF1-E2463CC7DDD7}.Release|Any CPU.ActiveCfg = Release|Any CPU
		{8F10C810-4535-48CE-8CF1-E2463CC7DDD7}.Release|Any CPU.Build.0 = Release|Any CPU
	EndGlobalSection
	GlobalSection(SolutionProperties) = preSolution
		HideSolutionNode = FALSE
	EndGlobalSection
	GlobalSection(ExtensibilityGlobals) = postSolution
		SolutionGuid = {0D5E7F50-F127-4BD8-AD89-7BFB395686CE}
	EndGlobalSection
EndGlobal
